
Microsoft Visual Studio Solution File, Format Version 12.00
# Visual Studio Version 16
VisualStudioVersion = 16.0.29324.140
MinimumVisualStudioVersion = 10.0.40219.1
Project("{2150E333-8FDC-42A3-9474-1A3956D46DE8}") = "Services", "Services", "{62B34F62-E5E2-4445-9B52-D85FA6276B3C}"
EndProject
Project("{2150E333-8FDC-42A3-9474-1A3956D46DE8}") = "Catelog", "Catelog", "{C383C8A4-7465-413A-9768-522BD2554C38}"
EndProject
Project("{9A19103F-16F7-4668-BE54-9A1E7A4F7556}") = "Catelog.API", "Services\Catelog\Catelog.API\Catelog.API.csproj", "{93D8D691-FA0C-4EE7-B1DA-054C2EF4A86B}"
EndProject
Project("{E53339B2-1760-4266-BCC7-CA923CBCF16C}") = "docker-compose", "docker-compose.dcproj", "{95215607-6376-469D-9025-E9CB40238B35}"
EndProject
Project("{2150E333-8FDC-42A3-9474-1A3956D46DE8}") = "Basket", "Basket", "{9CDCFB5D-69AD-4341-B11D-066BE6E330E6}"
EndProject
Project("{9A19103F-16F7-4668-BE54-9A1E7A4F7556}") = "Basket.API", "Services\Basket\Basket.API\Basket.API.csproj", "{0878DF8B-EF6F-42CD-A6AC-23EF259E49C8}"
EndProject
Project("{2150E333-8FDC-42A3-9474-1A3956D46DE8}") = "Discount", "Discount", "{55561A81-AE81-49A8-896C-4C0BAD8584B0}"
EndProject
Project("{9A19103F-16F7-4668-BE54-9A1E7A4F7556}") = "Discount.API", "Services\Discount\Discount.API\Discount.API.csproj", "{7CDB1F80-3A31-48DD-998B-F91460C83357}"
EndProject
Project("{9A19103F-16F7-4668-BE54-9A1E7A4F7556}") = "Discount.Grpc", "Services\Discount\Discount.Grpc\Discount.Grpc.csproj", "{B2108A35-833D-4A98-A832-2A024AF56AF4}"
EndProject
Project("{2150E333-8FDC-42A3-9474-1A3956D46DE8}") = "Ordering", "Ordering", "{644DF2D6-4EA0-47E4-8EA6-E73AD434E706}"
EndProject
Project("{9A19103F-16F7-4668-BE54-9A1E7A4F7556}") = "Ordering.API", "Services\Ordering\Ordering.API\Ordering.API.csproj", "{6EEE37ED-6D6E-45A8-A553-501C047A712B}"
EndProject
Project("{9A19103F-16F7-4668-BE54-9A1E7A4F7556}") = "Ordering.Application", "Services\Ordering\Ordering.Application\Ordering.Application.csproj", "{96C2CFA1-F081-4DD9-ACDB-441F7564CE1B}"
EndProject
Project("{9A19103F-16F7-4668-BE54-9A1E7A4F7556}") = "Ordering.Domain", "Services\Ordering\Ordering.Domain\Ordering.Domain.csproj", "{4B537FE9-8EAE-40BB-87C2-12B1FCFF49C6}"
EndProject
Project("{9A19103F-16F7-4668-BE54-9A1E7A4F7556}") = "Ordering.Infrastructure", "Services\Ordering\Ordering.Infrastructure\Ordering.Infrastructure.csproj", "{D1C092BA-AC0D-4940-8D1F-B3C595DF3DF6}"
EndProject
Project("{2150E333-8FDC-42A3-9474-1A3956D46DE8}") = "BuildingBlocks", "BuildingBlocks", "{DCE3ECD9-F264-4B0D-BD60-2154BB5BA35C}"
EndProject
Project("{9A19103F-16F7-4668-BE54-9A1E7A4F7556}") = "EventBus.Messages", "BuilidingBlocks\EventBus.Messages\EventBus.Messages.csproj", "{93129112-E55C-4A9B-8EE5-376EE742C435}"
EndProject
Project("{2150E333-8FDC-42A3-9474-1A3956D46DE8}") = "ApiGateways", "ApiGateways", "{29AF8D16-B98B-4D86-8FB8-2C8F58EBD9D3}"
EndProject
Project("{FAE04EC0-301F-11D3-BF4B-00C04F79EFBC}") = "OcelotApiGw", "ApiGateways\OcelotApiGw\OcelotApiGw.csproj", "{3DB2D8CC-9355-4D1E-9A2C-4D8AF2A13E92}"
EndProject
Global
	GlobalSection(SolutionConfigurationPlatforms) = preSolution
		Debug|Any CPU = Debug|Any CPU
		Release|Any CPU = Release|Any CPU
	EndGlobalSection
	GlobalSection(ProjectConfigurationPlatforms) = postSolution
		{93D8D691-FA0C-4EE7-B1DA-054C2EF4A86B}.Debug|Any CPU.ActiveCfg = Debug|Any CPU
		{93D8D691-FA0C-4EE7-B1DA-054C2EF4A86B}.Debug|Any CPU.Build.0 = Debug|Any CPU
		{93D8D691-FA0C-4EE7-B1DA-054C2EF4A86B}.Release|Any CPU.ActiveCfg = Release|Any CPU
		{93D8D691-FA0C-4EE7-B1DA-054C2EF4A86B}.Release|Any CPU.Build.0 = Release|Any CPU
		{95215607-6376-469D-9025-E9CB40238B35}.Debug|Any CPU.ActiveCfg = Debug|Any CPU
		{95215607-6376-469D-9025-E9CB40238B35}.Debug|Any CPU.Build.0 = Debug|Any CPU
		{95215607-6376-469D-9025-E9CB40238B35}.Release|Any CPU.ActiveCfg = Release|Any CPU
		{95215607-6376-469D-9025-E9CB40238B35}.Release|Any CPU.Build.0 = Release|Any CPU
		{0878DF8B-EF6F-42CD-A6AC-23EF259E49C8}.Debug|Any CPU.ActiveCfg = Debug|Any CPU
		{0878DF8B-EF6F-42CD-A6AC-23EF259E49C8}.Debug|Any CPU.Build.0 = Debug|Any CPU
		{0878DF8B-EF6F-42CD-A6AC-23EF259E49C8}.Release|Any CPU.ActiveCfg = Release|Any CPU
		{0878DF8B-EF6F-42CD-A6AC-23EF259E49C8}.Release|Any CPU.Build.0 = Release|Any CPU
		{7CDB1F80-3A31-48DD-998B-F91460C83357}.Debug|Any CPU.ActiveCfg = Debug|Any CPU
		{7CDB1F80-3A31-48DD-998B-F91460C83357}.Debug|Any CPU.Build.0 = Debug|Any CPU
		{7CDB1F80-3A31-48DD-998B-F91460C83357}.Release|Any CPU.ActiveCfg = Release|Any CPU
		{7CDB1F80-3A31-48DD-998B-F91460C83357}.Release|Any CPU.Build.0 = Release|Any CPU
		{B2108A35-833D-4A98-A832-2A024AF56AF4}.Debug|Any CPU.ActiveCfg = Debug|Any CPU
		{B2108A35-833D-4A98-A832-2A024AF56AF4}.Debug|Any CPU.Build.0 = Debug|Any CPU
		{B2108A35-833D-4A98-A832-2A024AF56AF4}.Release|Any CPU.ActiveCfg = Release|Any CPU
		{B2108A35-833D-4A98-A832-2A024AF56AF4}.Release|Any CPU.Build.0 = Release|Any CPU
		{6EEE37ED-6D6E-45A8-A553-501C047A712B}.Debug|Any CPU.ActiveCfg = Debug|Any CPU
		{6EEE37ED-6D6E-45A8-A553-501C047A712B}.Debug|Any CPU.Build.0 = Debug|Any CPU
		{6EEE37ED-6D6E-45A8-A553-501C047A712B}.Release|Any CPU.ActiveCfg = Release|Any CPU
		{6EEE37ED-6D6E-45A8-A553-501C047A712B}.Release|Any CPU.Build.0 = Release|Any CPU
		{96C2CFA1-F081-4DD9-ACDB-441F7564CE1B}.Debug|Any CPU.ActiveCfg = Debug|Any CPU
		{96C2CFA1-F081-4DD9-ACDB-441F7564CE1B}.Debug|Any CPU.Build.0 = Debug|Any CPU
		{96C2CFA1-F081-4DD9-ACDB-441F7564CE1B}.Release|Any CPU.ActiveCfg = Release|Any CPU
		{96C2CFA1-F081-4DD9-ACDB-441F7564CE1B}.Release|Any CPU.Build.0 = Release|Any CPU
		{4B537FE9-8EAE-40BB-87C2-12B1FCFF49C6}.Debug|Any CPU.ActiveCfg = Debug|Any CPU
		{4B537FE9-8EAE-40BB-87C2-12B1FCFF49C6}.Debug|Any CPU.Build.0 = Debug|Any CPU
		{4B537FE9-8EAE-40BB-87C2-12B1FCFF49C6}.Release|Any CPU.ActiveCfg = Release|Any CPU
		{4B537FE9-8EAE-40BB-87C2-12B1FCFF49C6}.Release|Any CPU.Build.0 = Release|Any CPU
		{D1C092BA-AC0D-4940-8D1F-B3C595DF3DF6}.Debug|Any CPU.ActiveCfg = Debug|Any CPU
		{D1C092BA-AC0D-4940-8D1F-B3C595DF3DF6}.Debug|Any CPU.Build.0 = Debug|Any CPU
		{D1C092BA-AC0D-4940-8D1F-B3C595DF3DF6}.Release|Any CPU.ActiveCfg = Release|Any CPU
		{D1C092BA-AC0D-4940-8D1F-B3C595DF3DF6}.Release|Any CPU.Build.0 = Release|Any CPU
		{93129112-E55C-4A9B-8EE5-376EE742C435}.Debug|Any CPU.ActiveCfg = Debug|Any CPU
		{93129112-E55C-4A9B-8EE5-376EE742C435}.Debug|Any CPU.Build.0 = Debug|Any CPU
		{93129112-E55C-4A9B-8EE5-376EE742C435}.Release|Any CPU.ActiveCfg = Release|Any CPU
		{93129112-E55C-4A9B-8EE5-376EE742C435}.Release|Any CPU.Build.0 = Release|Any CPU
		{3DB2D8CC-9355-4D1E-9A2C-4D8AF2A13E92}.Debug|Any CPU.ActiveCfg = Debug|Any CPU
		{3DB2D8CC-9355-4D1E-9A2C-4D8AF2A13E92}.Debug|Any CPU.Build.0 = Debug|Any CPU
		{3DB2D8CC-9355-4D1E-9A2C-4D8AF2A13E92}.Release|Any CPU.ActiveCfg = Release|Any CPU
		{3DB2D8CC-9355-4D1E-9A2C-4D8AF2A13E92}.Release|Any CPU.Build.0 = Release|Any CPU
	EndGlobalSection
	GlobalSection(SolutionProperties) = preSolution
		HideSolutionNode = FALSE
	EndGlobalSection
	GlobalSection(NestedProjects) = preSolution
		{C383C8A4-7465-413A-9768-522BD2554C38} = {62B34F62-E5E2-4445-9B52-D85FA6276B3C}
		{93D8D691-FA0C-4EE7-B1DA-054C2EF4A86B} = {C383C8A4-7465-413A-9768-522BD2554C38}
		{9CDCFB5D-69AD-4341-B11D-066BE6E330E6} = {62B34F62-E5E2-4445-9B52-D85FA6276B3C}
		{0878DF8B-EF6F-42CD-A6AC-23EF259E49C8} = {9CDCFB5D-69AD-4341-B11D-066BE6E330E6}
		{55561A81-AE81-49A8-896C-4C0BAD8584B0} = {62B34F62-E5E2-4445-9B52-D85FA6276B3C}
		{7CDB1F80-3A31-48DD-998B-F91460C83357} = {55561A81-AE81-49A8-896C-4C0BAD8584B0}
		{B2108A35-833D-4A98-A832-2A024AF56AF4} = {55561A81-AE81-49A8-896C-4C0BAD8584B0}
		{644DF2D6-4EA0-47E4-8EA6-E73AD434E706} = {62B34F62-E5E2-4445-9B52-D85FA6276B3C}
		{6EEE37ED-6D6E-45A8-A553-501C047A712B} = {644DF2D6-4EA0-47E4-8EA6-E73AD434E706}
		{96C2CFA1-F081-4DD9-ACDB-441F7564CE1B} = {644DF2D6-4EA0-47E4-8EA6-E73AD434E706}
		{4B537FE9-8EAE-40BB-87C2-12B1FCFF49C6} = {644DF2D6-4EA0-47E4-8EA6-E73AD434E706}
		{D1C092BA-AC0D-4940-8D1F-B3C595DF3DF6} = {644DF2D6-4EA0-47E4-8EA6-E73AD434E706}
		{93129112-E55C-4A9B-8EE5-376EE742C435} = {DCE3ECD9-F264-4B0D-BD60-2154BB5BA35C}
		{3DB2D8CC-9355-4D1E-9A2C-4D8AF2A13E92} = {29AF8D16-B98B-4D86-8FB8-2C8F58EBD9D3}
	EndGlobalSection
	GlobalSection(ExtensibilityGlobals) = postSolution
		SolutionGuid = {43B89ACE-9C20-4346-B3AB-36FA33E03A6F}
	EndGlobalSection
EndGlobal
